{
  "name": "repeat",
  "version": "1.1.2",
  "lockfileVersion": 1,
  "requires": true,
  "dependencies": {
    "dormant": {
      "version": "3.0.0",
      "resolved": "https://registry.npmjs.org/dormant/-/dormant-3.0.0.tgz",
      "integrity": "sha512-J/9cQMM1QPZFvgIEZxH5C9H4EkiyESFJWmnNEy0bvHbUO5Zr847mGrN5n0wFsNgSvDjn1LqFBWVdYniDk0iP7w=="
    }
  }
}
